
Microsoft Visual Studio Solution File, Format Version 12.00
# Visual Studio Version 17
VisualStudioVersion = 17.0.31903.59
MinimumVisualStudioVersion = 10.0.40219.1
Project("{2150E333-8FDC-42A3-9474-1A3956D46DE8}") = "src", "src", "{F2C3A43E-F2BB-4069-A03A-34D93C212AE2}"
EndProject
Project("{FAE04EC0-301F-11D3-BF4B-00C04F79EFBC}") = "Oficina.Infrastructure", "src\Oficina.Infrastructure\Oficina.Infrastructure.csproj", "{06A69E1B-7F8B-4862-98C8-CBEAABBCE839}"
EndProject
Project("{FAE04EC0-301F-11D3-BF4B-00C04F79EFBC}") = "Oficina.App.Api", "src\Oficina.App.Api\Oficina.App.Api.csproj", "{6B562293-CEFF-472A-B302-58B44CFFA648}"
EndProject
Project("{FAE04EC0-301F-11D3-BF4B-00C04F79EFBC}") = "Oficina.Hosts.Http", "src\Oficina.Hosts.Http\Oficina.Hosts.Http.csproj", "{C0DE4337-1914-476F-A368-D3EFDAE4C0B8}"
EndProject
Project("{FAE04EC0-301F-11D3-BF4B-00C04F79EFBC}") = "Oficina.Domain", "src\Oficina.Domain\Oficina.Domain.csproj", "{A7351DCF-7186-445F-BA5F-9DFC757E5892}"
EndProject
Project("{2150E333-8FDC-42A3-9474-1A3956D46DE8}") = "test", "test", "{ECDB0D32-9696-4D38-87B5-01472DD28698}"
EndProject
Project("{FAE04EC0-301F-11D3-BF4B-00C04F79EFBC}") = "Oficina.Test.Unit", "test\Oficina.Test.Unit\Oficina.Test.Unit.csproj", "{2DE2FCEC-7FD5-4FF6-9BBB-39D02B96B2BC}"
EndProject
Global
	GlobalSection(SolutionConfigurationPlatforms) = preSolution
		Debug|Any CPU = Debug|Any CPU
		Release|Any CPU = Release|Any CPU
	EndGlobalSection
	GlobalSection(SolutionProperties) = preSolution
		HideSolutionNode = FALSE
	EndGlobalSection
	GlobalSection(ProjectConfigurationPlatforms) = postSolution
		{06A69E1B-7F8B-4862-98C8-CBEAABBCE839}.Debug|Any CPU.ActiveCfg = Debug|Any CPU
		{06A69E1B-7F8B-4862-98C8-CBEAABBCE839}.Debug|Any CPU.Build.0 = Debug|Any CPU
		{06A69E1B-7F8B-4862-98C8-CBEAABBCE839}.Release|Any CPU.ActiveCfg = Release|Any CPU
		{06A69E1B-7F8B-4862-98C8-CBEAABBCE839}.Release|Any CPU.Build.0 = Release|Any CPU
		{6B562293-CEFF-472A-B302-58B44CFFA648}.Debug|Any CPU.ActiveCfg = Debug|Any CPU
		{6B562293-CEFF-472A-B302-58B44CFFA648}.Debug|Any CPU.Build.0 = Debug|Any CPU
		{6B562293-CEFF-472A-B302-58B44CFFA648}.Release|Any CPU.ActiveCfg = Release|Any CPU
		{6B562293-CEFF-472A-B302-58B44CFFA648}.Release|Any CPU.Build.0 = Release|Any CPU
		{C0DE4337-1914-476F-A368-D3EFDAE4C0B8}.Debug|Any CPU.ActiveCfg = Debug|Any CPU
		{C0DE4337-1914-476F-A368-D3EFDAE4C0B8}.Debug|Any CPU.Build.0 = Debug|Any CPU
		{C0DE4337-1914-476F-A368-D3EFDAE4C0B8}.Release|Any CPU.ActiveCfg = Release|Any CPU
		{C0DE4337-1914-476F-A368-D3EFDAE4C0B8}.Release|Any CPU.Build.0 = Release|Any CPU
		{A7351DCF-7186-445F-BA5F-9DFC757E5892}.Debug|Any CPU.ActiveCfg = Debug|Any CPU
		{A7351DCF-7186-445F-BA5F-9DFC757E5892}.Debug|Any CPU.Build.0 = Debug|Any CPU
		{A7351DCF-7186-445F-BA5F-9DFC757E5892}.Release|Any CPU.ActiveCfg = Release|Any CPU
		{A7351DCF-7186-445F-BA5F-9DFC757E5892}.Release|Any CPU.Build.0 = Release|Any CPU
		{2DE2FCEC-7FD5-4FF6-9BBB-39D02B96B2BC}.Debug|Any CPU.ActiveCfg = Debug|Any CPU
		{2DE2FCEC-7FD5-4FF6-9BBB-39D02B96B2BC}.Debug|Any CPU.Build.0 = Debug|Any CPU
		{2DE2FCEC-7FD5-4FF6-9BBB-39D02B96B2BC}.Release|Any CPU.ActiveCfg = Release|Any CPU
		{2DE2FCEC-7FD5-4FF6-9BBB-39D02B96B2BC}.Release|Any CPU.Build.0 = Release|Any CPU
	EndGlobalSection
	GlobalSection(NestedProjects) = preSolution
		{06A69E1B-7F8B-4862-98C8-CBEAABBCE839} = {F2C3A43E-F2BB-4069-A03A-34D93C212AE2}
		{6B562293-CEFF-472A-B302-58B44CFFA648} = {F2C3A43E-F2BB-4069-A03A-34D93C212AE2}
		{C0DE4337-1914-476F-A368-D3EFDAE4C0B8} = {F2C3A43E-F2BB-4069-A03A-34D93C212AE2}
		{A7351DCF-7186-445F-BA5F-9DFC757E5892} = {F2C3A43E-F2BB-4069-A03A-34D93C212AE2}
		{2DE2FCEC-7FD5-4FF6-9BBB-39D02B96B2BC} = {ECDB0D32-9696-4D38-87B5-01472DD28698}
	EndGlobalSection
EndGlobal
